
Microsoft Visual Studio Solution File, Format Version 12.00
# Visual Studio Version 17
VisualStudioVersion = 17.3.32922.545
MinimumVisualStudioVersion = 10.0.40219.1
Project("{FAE04EC0-301F-11D3-BF4B-00C04F79EFBC}") = "P_NET_24_INIS4_PR1_1_Z2", "P_NET_24_INIS4_PR1_1_Z2.csproj", "{791C103D-B385-4650-A69F-1ADCA77F56DA}"
EndProject
Global
	GlobalSection(SolutionConfigurationPlatforms) = preSolution
		Debug|Any CPU = Debug|Any CPU
		Release|Any CPU = Release|Any CPU
	EndGlobalSection
	GlobalSection(ProjectConfigurationPlatforms) = postSolution
		{791C103D-B385-4650-A69F-1ADCA77F56DA}.Debug|Any CPU.ActiveCfg = Debug|Any CPU
		{791C103D-B385-4650-A69F-1ADCA77F56DA}.Debug|Any CPU.Build.0 = Debug|Any CPU
		{791C103D-B385-4650-A69F-1ADCA77F56DA}.Release|Any CPU.ActiveCfg = Release|Any CPU
		{791C103D-B385-4650-A69F-1ADCA77F56DA}.Release|Any CPU.Build.0 = Release|Any CPU
	EndGlobalSection
	GlobalSection(SolutionProperties) = preSolution
		HideSolutionNode = FALSE
	EndGlobalSection
	GlobalSection(ExtensibilityGlobals) = postSolution
		SolutionGuid = {E68D83CB-EDF6-4839-A298-9F27AC5B0DC5}
	EndGlobalSection
EndGlobal
